
Microsoft Visual Studio Solution File, Format Version 12.00
# Visual Studio 14
VisualStudioVersion = 14.0.25123.0
MinimumVisualStudioVersion = 10.0.40219.1
Project("{FAE04EC0-301F-11D3-BF4B-00C04F79EFBC}") = "MyFirstMVCApp", "MyFirstMVCApp\MyFirstMVCApp.csproj", "{EC425C25-6B1C-4240-9752-37236BF3BDE1}"
EndProject
Project("{FAE04EC0-301F-11D3-BF4B-00C04F79EFBC}") = "MyFirstMVCApp.Tests", "MyFirstMVCApp.Tests\MyFirstMVCApp.Tests.csproj", "{7D2025D6-B3C0-4348-BDBE-A73088694518}"
EndProject
Global
	GlobalSection(SolutionConfigurationPlatforms) = preSolution
		Debug|Any CPU = Debug|Any CPU
		Release|Any CPU = Release|Any CPU
	EndGlobalSection
	GlobalSection(ProjectConfigurationPlatforms) = postSolution
		{EC425C25-6B1C-4240-9752-37236BF3BDE1}.Debug|Any CPU.ActiveCfg = Debug|Any CPU
		{EC425C25-6B1C-4240-9752-37236BF3BDE1}.Debug|Any CPU.Build.0 = Debug|Any CPU
		{EC425C25-6B1C-4240-9752-37236BF3BDE1}.Release|Any CPU.ActiveCfg = Release|Any CPU
		{EC425C25-6B1C-4240-9752-37236BF3BDE1}.Release|Any CPU.Build.0 = Release|Any CPU
		{7D2025D6-B3C0-4348-BDBE-A73088694518}.Debug|Any CPU.ActiveCfg = Debug|Any CPU
		{7D2025D6-B3C0-4348-BDBE-A73088694518}.Debug|Any CPU.Build.0 = Debug|Any CPU
		{7D2025D6-B3C0-4348-BDBE-A73088694518}.Release|Any CPU.ActiveCfg = Release|Any CPU
		{7D2025D6-B3C0-4348-BDBE-A73088694518}.Release|Any CPU.Build.0 = Release|Any CPU
	EndGlobalSection
	GlobalSection(SolutionProperties) = preSolution
		HideSolutionNode = FALSE
	EndGlobalSection
EndGlobal
